// !$*UTF8*$!
{
	archiveVersion = 1;
	classes = {
	};
	objectVersion = 77;
	objects = {

/* Begin PBXBuildFile section */
		100000000000000000000001 /* Simple360CameraApp.swift in Sources */ = {isa = PBXBuildFile; fileRef = 100000000000000000000101 /* Simple360CameraApp.swift */; };
		100000000000000000000002 /* CaptureModel.swift in Sources */ = {isa = PBXBuildFile; fileRef = 100000000000000000000102 /* CaptureModel.swift */; };
		100000000000000000000003 /* CameraService.swift in Sources */ = {isa = PBXBuildFile; fileRef = 100000000000000000000103 /* CameraService.swift */; };
		100000000000000000000004 /* CameraPreview.swift in Sources */ = {isa = PBXBuildFile; fileRef = 100000000000000000000104 /* CameraPreview.swift */; };
		100000000000000000000005 /* MotionGuide.swift in Sources */ = {isa = PBXBuildFile; fileRef = 100000000000000000000105 /* MotionGuide.swift */; };
		100000000000000000000006 /* PanoramaMetadata.swift in Sources */ = {isa = PBXBuildFile; fileRef = 100000000000000000000106 /* PanoramaMetadata.swift */; };
		100000000000000000000007 /* PanoramaStitcher.swift in Sources */ = {isa = PBXBuildFile; fileRef = 100000000000000000000107 /* PanoramaStitcher.swift */; };
		100000000000000000000008 /* ContentView.swift in Sources */ = {isa = PBXBuildFile; fileRef = 100000000000000000000108 /* ContentView.swift */; };
		100000000000000000000009 /* Assets.xcassets in Resources */ = {isa = PBXBuildFile; fileRef = 100000000000000000000110 /* Assets.xcassets */; };
/* End PBXBuildFile section */

/* Begin PBXFileReference section */
		100000000000000000000101 /* Simple360CameraApp.swift */ = {isa = PBXFileReference; lastKnownFileType = sourcecode.swift; path = Simple360CameraApp.swift; sourceTree = "<group>"; };
		100000000000000000000102 /* CaptureModel.swift */ = {isa = PBXFileReference; lastKnownFileType = sourcecode.swift; path = CaptureModel.swift; sourceTree = "<group>"; };
		100000000000000000000103 /* CameraService.swift */ = {isa = PBXFileReference; lastKnownFileType = sourcecode.swift; path = CameraService.swift; sourceTree = "<group>"; };
		100000000000000000000104 /* CameraPreview.swift */ = {isa = PBXFileReference; lastKnownFileType = sourcecode.swift; path = CameraPreview.swift; sourceTree = "<group>"; };
		100000000000000000000105 /* MotionGuide.swift */ = {isa = PBXFileReference; lastKnownFileType = sourcecode.swift; path = MotionGuide.swift; sourceTree = "<group>"; };
		100000000000000000000106 /* PanoramaMetadata.swift */ = {isa = PBXFileReference; lastKnownFileType = sourcecode.swift; path = PanoramaMetadata.swift; sourceTree = "<group>"; };
		100000000000000000000107 /* PanoramaStitcher.swift */ = {isa = PBXFileReference; lastKnownFileType = sourcecode.swift; path = PanoramaStitcher.swift; sourceTree = "<group>"; };
		100000000000000000000108 /* ContentView.swift */ = {isa = PBXFileReference; lastKnownFileType = sourcecode.swift; path = ContentView.swift; sourceTree = "<group>"; };
		100000000000000000000109 /* Info.plist */ = {isa = PBXFileReference; lastKnownFileType = text.plist.xml; path = Info.plist; sourceTree = "<group>"; };
		100000000000000000000110 /* Assets.xcassets */ = {isa = PBXFileReference; lastKnownFileType = folder.assetcatalog; path = Assets.xcassets; sourceTree = "<group>"; };
		100000000000000000000111 /* Simple360Camera.app */ = {isa = PBXFileReference; explicitFileType = wrapper.application; includeInIndex = 0; path = Simple360Camera.app; sourceTree = BUILT_PRODUCTS_DIR; };
/* End PBXFileReference section */

/* Begin PBXFrameworksBuildPhase section */
		100000000000000000000301 /* Frameworks */ = {
			isa = PBXFrameworksBuildPhase;
			buildActionMask = 2147483647;
			files = (
			);
			runOnlyForDeploymentPostprocessing = 0;
		};
/* End PBXFrameworksBuildPhase section */

/* Begin PBXGroup section */
		100000000000000000000401 = {
			isa = PBXGroup;
			children = (
				100000000000000000000402 /* Simple360Camera */,
				100000000000000000000403 /* Products */,
			);
			sourceTree = "<group>";
		};
		100000000000000000000402 /* Simple360Camera */ = {
			isa = PBXGroup;
			children = (
				100000000000000000000101 /* Simple360CameraApp.swift */,
				100000000000000000000102 /* CaptureModel.swift */,
				100000000000000000000103 /* CameraService.swift */,
				100000000000000000000104 /* CameraPreview.swift */,
				100000000000000000000105 /* MotionGuide.swift */,
				100000000000000000000106 /* PanoramaMetadata.swift */,
				100000000000000000000107 /* PanoramaStitcher.swift */,
				100000000000000000000108 /* ContentView.swift */,
				100000000000000000000109 /* Info.plist */,
				100000000000000000000110 /* Assets.xcassets */,
			);
			name = Simple360Camera;
			path = Simple360Camera;
			sourceTree = "<group>";
		};
		100000000000000000000403 /* Products */ = {
			isa = PBXGroup;
			children = (
				100000000000000000000111 /* Simple360Camera.app */,
			);
			name = Products;
			sourceTree = "<group>";
		};
/* End PBXGroup section */

/* Begin PBXNativeTarget section */
		100000000000000000000501 /* Simple360Camera */ = {
			isa = PBXNativeTarget;
			buildConfigurationList = 100000000000000000000602 /* Build configuration list for PBXNativeTarget "Simple360Camera" */;
			buildPhases = (
				100000000000000000000201 /* Sources */,
				100000000000000000000202 /* Resources */,
				100000000000000000000301 /* Frameworks */,
			);
			buildRules = (
			);
			dependencies = (
			);
			name = Simple360Camera;
			productName = Simple360Camera;
			productReference = 100000000000000000000111 /* Simple360Camera.app */;
			productType = "com.apple.product-type.application";
		};
/* End PBXNativeTarget section */

/* Begin PBXProject section */
		100000000000000000000502 /* Project object */ = {
			isa = PBXProject;
			attributes = {
				LastSwiftUpdateCheck = 2600;
				LastUpgradeCheck = 2600;
				TargetAttributes = {
					100000000000000000000501 = {
						CreatedOnToolsVersion = 2600;
					};
				};
			};
			buildConfigurationList = 100000000000000000000601 /* Build configuration list for PBXProject "Simple360Camera" */;
			compatibilityVersion = "Xcode 16.0";
			developmentRegion = en;
			hasScannedForEncodings = 0;
			knownRegions = (
				en,
				Base,
			);
			mainGroup = 100000000000000000000401;
			productRefGroup = 100000000000000000000403 /* Products */;
			projectDirPath = "";
			projectRoot = "";
			targets = (
				100000000000000000000501 /* Simple360Camera */,
			);
		};
/* End PBXProject section */

/* Begin PBXResourcesBuildPhase section */
		100000000000000000000202 /* Resources */ = {
			isa = PBXResourcesBuildPhase;
			buildActionMask = 2147483647;
			files = (
				100000000000000000000009 /* Assets.xcassets in Resources */,
			);
			runOnlyForDeploymentPostprocessing = 0;
		};
/* End PBXResourcesBuildPhase section */

/* Begin PBXSourcesBuildPhase section */
		100000000000000000000201 /* Sources */ = {
			isa = PBXSourcesBuildPhase;
			buildActionMask = 2147483647;
			files = (
				100000000000000000000001 /* Simple360CameraApp.swift in Sources */,
				100000000000000000000002 /* CaptureModel.swift in Sources */,
				100000000000000000000003 /* CameraService.swift in Sources */,
				100000000000000000000004 /* CameraPreview.swift in Sources */,
				100000000000000000000005 /* MotionGuide.swift in Sources */,
				100000000000000000000006 /* PanoramaMetadata.swift in Sources */,
				100000000000000000000007 /* PanoramaStitcher.swift in Sources */,
				100000000000000000000008 /* ContentView.swift in Sources */,
			);
			runOnlyForDeploymentPostprocessing = 0;
		};
/* End PBXSourcesBuildPhase section */

/* Begin XCBuildConfiguration section */
		100000000000000000000701 /* Debug */ = {
			isa = XCBuildConfiguration;
			buildSettings = {
				ALWAYS_SEARCH_USER_PATHS = NO;
				CLANG_ENABLE_MODULES = YES;
				CLANG_ENABLE_OBJC_ARC = YES;
				IPHONEOS_DEPLOYMENT_TARGET = 17.0;
				SDKROOT = iphoneos;
				SWIFT_OPTIMIZATION_LEVEL = "-Onone";
			};
			name = Debug;
		};
		100000000000000000000702 /* Release */ = {
			isa = XCBuildConfiguration;
			buildSettings = {
				ALWAYS_SEARCH_USER_PATHS = NO;
				CLANG_ENABLE_MODULES = YES;
				CLANG_ENABLE_OBJC_ARC = YES;
				IPHONEOS_DEPLOYMENT_TARGET = 17.0;
				SDKROOT = iphoneos;
				SWIFT_COMPILATION_MODE = wholemodule;
				SWIFT_OPTIMIZATION_LEVEL = "-O";
			};
			name = Release;
		};
		100000000000000000000703 /* Debug */ = {
			isa = XCBuildConfiguration;
			buildSettings = {
				ASSETCATALOG_COMPILER_APPICON_NAME = AppIcon;
				CLANG_ENABLE_MODULES = YES;
				CODE_SIGN_STYLE = Automatic;
				CURRENT_PROJECT_VERSION = 1;
				GENERATE_INFOPLIST_FILE = NO;
				INFOPLIST_FILE = Simple360Camera/Info.plist;
				IPHONEOS_DEPLOYMENT_TARGET = 17.0;
				LD_RUNPATH_SEARCH_PATHS = (
					"$(inherited)",
					"@executable_path/Frameworks",
				);
				MARKETING_VERSION = 1.0;
				PRODUCT_BUNDLE_IDENTIFIER = com.simple360camera.app;
				PRODUCT_NAME = "$(TARGET_NAME)";
				SWIFT_EMIT_LOC_STRINGS = YES;
				SWIFT_VERSION = 5.0;
				SUPPORTED_PLATFORMS = "iphoneos iphonesimulator";
				SUPPORTS_MACCATALYST = NO;
				TARGETED_DEVICE_FAMILY = 1;
			};
			name = Debug;
		};
		100000000000000000000704 /* Release */ = {
			isa = XCBuildConfiguration;
			buildSettings = {
				ASSETCATALOG_COMPILER_APPICON_NAME = AppIcon;
				CLANG_ENABLE_MODULES = YES;
				CODE_SIGN_STYLE = Automatic;
				CURRENT_PROJECT_VERSION = 1;
				GENERATE_INFOPLIST_FILE = NO;
				INFOPLIST_FILE = Simple360Camera/Info.plist;
				IPHONEOS_DEPLOYMENT_TARGET = 17.0;
				LD_RUNPATH_SEARCH_PATHS = (
					"$(inherited)",
					"@executable_path/Frameworks",
				);
				MARKETING_VERSION = 1.0;
				PRODUCT_BUNDLE_IDENTIFIER = com.simple360camera.app;
				PRODUCT_NAME = "$(TARGET_NAME)";
				SWIFT_EMIT_LOC_STRINGS = YES;
				SWIFT_VERSION = 5.0;
				SUPPORTED_PLATFORMS = "iphoneos iphonesimulator";
				SUPPORTS_MACCATALYST = NO;
				TARGETED_DEVICE_FAMILY = 1;
			};
			name = Release;
		};
/* End XCBuildConfiguration section */

/* Begin XCConfigurationList section */
		100000000000000000000601 /* Build configuration list for PBXProject "Simple360Camera" */ = {
			isa = XCConfigurationList;
			buildConfigurations = (
				100000000000000000000701 /* Debug */,
				100000000000000000000702 /* Release */,
			);
			defaultConfigurationIsVisible = 0;
			defaultConfigurationName = Release;
		};
		100000000000000000000602 /* Build configuration list for PBXNativeTarget "Simple360Camera" */ = {
			isa = XCConfigurationList;
			buildConfigurations = (
				100000000000000000000703 /* Debug */,
				100000000000000000000704 /* Release */,
			);
			defaultConfigurationIsVisible = 0;
			defaultConfigurationName = Release;
		};
/* End XCConfigurationList section */
	};
	rootObject = 100000000000000000000502 /* Project object */;
}