// !$*UTF8*$!
{
	archiveVersion = 1;
	classes = {
	};
	objectVersion = 56;
	objects = {

/* Begin PBXBuildFile section */
		A000010001 /* Simple360CameraApp.swift in Sources */ = {isa = PBXBuildFile; fileRef = A000020001 /* Simple360CameraApp.swift */; };
		A000010002 /* CaptureModel.swift in Sources */ = {isa = PBXBuildFile; fileRef = A000020002 /* CaptureModel.swift */; };
		A000010003 /* CameraService.swift in Sources */ = {isa = PBXBuildFile; fileRef = A000020003 /* CameraService.swift */; };
		A000010004 /* CameraPreview.swift in Sources */ = {isa = PBXBuildFile; fileRef = A000020004 /* CameraPreview.swift */; };
		A000010005 /* MotionGuide.swift in Sources */ = {isa = PBXBuildFile; fileRef = A000020005 /* MotionGuide.swift */; };
		A000010006 /* PanoramaStitcher.swift in Sources */ = {isa = PBXBuildFile; fileRef = A000020006 /* PanoramaStitcher.swift */; };
		A000010007 /* PanoramaMetadata.swift in Sources */ = {isa = PBXBuildFile; fileRef = A000020007 /* PanoramaMetadata.swift */; };
		A000010008 /* ContentView.swift in Sources */ = {isa = PBXBuildFile; fileRef = A000020008 /* ContentView.swift */; };
		A000010009 /* Assets.xcassets in Resources */ = {isa = PBXBuildFile; fileRef = A000020010 /* Assets.xcassets */; };
/* End PBXBuildFile section */

/* Begin PBXFileReference section */
		A000020001 /* Simple360CameraApp.swift */ = {isa = PBXFileReference; lastKnownFileType = sourcecode.swift; path = Simple360CameraApp.swift; sourceTree = "<group>"; };
		A000020002 /* CaptureModel.swift */ = {isa = PBXFileReference; lastKnownFileType = sourcecode.swift; path = CaptureModel.swift; sourceTree = "<group>"; };
		A000020003 /* CameraService.swift */ = {isa = PBXFileReference; lastKnownFileType = sourcecode.swift; path = CameraService.swift; sourceTree = "<group>"; };
		A000020004 /* CameraPreview.swift */ = {isa = PBXFileReference; lastKnownFileType = sourcecode.swift; path = CameraPreview.swift; sourceTree = "<group>"; };
		A000020005 /* MotionGuide.swift */ = {isa = PBXFileReference; lastKnownFileType = sourcecode.swift; path = MotionGuide.swift; sourceTree = "<group>"; };
		A000020006 /* PanoramaStitcher.swift */ = {isa = PBXFileReference; lastKnownFileType = sourcecode.swift; path = PanoramaStitcher.swift; sourceTree = "<group>"; };
		A000020007 /* PanoramaMetadata.swift */ = {isa = PBXFileReference; lastKnownFileType = sourcecode.swift; path = PanoramaMetadata.swift; sourceTree = "<group>"; };
		A000020008 /* ContentView.swift */ = {isa = PBXFileReference; lastKnownFileType = sourcecode.swift; path = ContentView.swift; sourceTree = "<group>"; };
		A000020009 /* Info.plist */ = {isa = PBXFileReference; lastKnownFileType = text.plist.xml; path = Info.plist; sourceTree = "<group>"; };
		A000020010 /* Assets.xcassets */ = {isa = PBXFileReference; lastKnownFileType = folder.assetcatalog; path = Assets.xcassets; sourceTree = "<group>"; };
		A000020011 /* Simple360Camera.app */ = {isa = PBXFileReference; explicitFileType = wrapper.application; includeInIndex = 0; path = Simple360Camera.app; sourceTree = BUILT_PRODUCTS_DIR; };
/* End PBXFileReference section */

/* Begin PBXFrameworksBuildPhase section */
		A000030003 /* Frameworks */ = {
			isa = PBXFrameworksBuildPhase;
			buildActionMask = 2147483647;
			files = (
			);
			runOnlyForDeploymentPostprocessing = 0;
		};
/* End PBXFrameworksBuildPhase section */

/* Begin PBXGroup section */
		A000040001 = {
			isa = PBXGroup;
			children = (
				A000040002 /* Simple360Camera */,
				A000040003 /* Products */,
			);
			sourceTree = "<group>";
		};
		A000040002 /* Simple360Camera */ = {
			isa = PBXGroup;
			children = (
				A000020001 /* Simple360CameraApp.swift */,
				A000020002 /* CaptureModel.swift */,
				A000020003 /* CameraService.swift */,
				A000020004 /* CameraPreview.swift */,
				A000020005 /* MotionGuide.swift */,
				A000020006 /* PanoramaStitcher.swift */,
				A000020007 /* PanoramaMetadata.swift */,
				A000020008 /* ContentView.swift */,
				A000020009 /* Info.plist */,
				A000020010 /* Assets.xcassets */,
			);
			name = Simple360Camera;
			path = ..;
			sourceTree = "<group>";
		};
		A000040003 /* Products */ = {
			isa = PBXGroup;
			children = (
				A000020011 /* Simple360Camera.app */,
			);
			name = Products;
			sourceTree = "<group>";
		};
/* End PBXGroup section */

/* Begin PBXNativeTarget section */
		A000050001 /* Simple360Camera */ = {
			isa = PBXNativeTarget;
			buildConfigurationList = A000060002 /* Build configuration list for PBXNativeTarget "Simple360Camera" */;
			buildPhases = (
				A000030001 /* Sources */,
				A000030002 /* Resources */,
				A000030003 /* Frameworks */,
			);
			buildRules = (
			);
			dependencies = (
			);
			name = Simple360Camera;
			productName = Simple360Camera;
			productReference = A000020011 /* Simple360Camera.app */;
			productType = "com.apple.product-type.application";
		};
/* End PBXNativeTarget section */

/* Begin PBXProject section */
		A000050002 /* Project object */ = {
			isa = PBXProject;
			attributes = {
				LastSwiftUpdateCheck = 1600;
				LastUpgradeCheck = 1600;
				TargetAttributes = {
					A000050001 = {
						CreatedOnToolsVersion = 16.0;
					};
				};
			};
			buildConfigurationList = A000060001 /* Build configuration list for PBXProject "Simple360Camera" */;
			compatibilityVersion = "Xcode 14.0";
			developmentRegion = en;
			hasScannedForEncodings = 0;
			knownRegions = (
				en,
				Base,
			);
			mainGroup = A000040001;
			productRefGroup = A000040003 /* Products */;
			projectDirPath = "";
			projectRoot = "";
			targets = (
				A000050001 /* Simple360Camera */,
			);
		};
/* End PBXProject section */

/* Begin PBXResourcesBuildPhase section */
		A000030002 /* Resources */ = {
			isa = PBXResourcesBuildPhase;
			buildActionMask = 2147483647;
			files = (
				A000010009 /* Assets.xcassets in Resources */,
			);
			runOnlyForDeploymentPostprocessing = 0;
		};
/* End PBXResourcesBuildPhase section */

/* Begin PBXSourcesBuildPhase section */
		A000030001 /* Sources */ = {
			isa = PBXSourcesBuildPhase;
			buildActionMask = 2147483647;
			files = (
				A000010001 /* Simple360CameraApp.swift in Sources */,
				A000010002 /* CaptureModel.swift in Sources */,
				A000010003 /* CameraService.swift in Sources */,
				A000010004 /* CameraPreview.swift in Sources */,
				A000010005 /* MotionGuide.swift in Sources */,
				A000010006 /* PanoramaStitcher.swift in Sources */,
				A000010007 /* PanoramaMetadata.swift in Sources */,
				A000010008 /* ContentView.swift in Sources */,
			);
			runOnlyForDeploymentPostprocessing = 0;
		};
/* End PBXSourcesBuildPhase section */

/* Begin XCBuildConfiguration section */
		A000070001 /* Debug */ = {
			isa = XCBuildConfiguration;
			buildSettings = {
				ALWAYS_SEARCH_USER_PATHS = NO;
				CLANG_ENABLE_MODULES = YES;
				CLANG_ENABLE_OBJC_ARC = YES;
				IPHONEOS_DEPLOYMENT_TARGET = 17.0;
				SDKROOT = iphoneos;
				SWIFT_OPTIMIZATION_LEVEL = "-Onone";
			};
			name = Debug;
		};
		A000070002 /* Release */ = {
			isa = XCBuildConfiguration;
			buildSettings = {
				ALWAYS_SEARCH_USER_PATHS = NO;
				CLANG_ENABLE_MODULES = YES;
				CLANG_ENABLE_OBJC_ARC = YES;
				IPHONEOS_DEPLOYMENT_TARGET = 17.0;
				SDKROOT = iphoneos;
				SWIFT_COMPILATION_MODE = wholemodule;
				SWIFT_OPTIMIZATION_LEVEL = "-O";
			};
			name = Release;
		};
		A000070003 /* Debug */ = {
			isa = XCBuildConfiguration;
			buildSettings = {
				ASSETCATALOG_COMPILER_APPICON_NAME = AppIcon;
				CLANG_ENABLE_MODULES = YES;
				CODE_SIGN_STYLE = Automatic;
				CURRENT_PROJECT_VERSION = 1;
				GENERATE_INFOPLIST_FILE = NO;
				INFOPLIST_FILE = ../Info.plist;
				IPHONEOS_DEPLOYMENT_TARGET = 17.0;
				LD_RUNPATH_SEARCH_PATHS = (
					"$(inherited)",
					"@executable_path/Frameworks",
				);
				MARKETING_VERSION = 1.0;
				PRODUCT_BUNDLE_IDENTIFIER = com.simple360camera.app;
				PRODUCT_NAME = "$(TARGET_NAME)";
				SWIFT_EMIT_LOC_STRINGS = YES;
				SWIFT_VERSION = 5.0;
				SUPPORTED_PLATFORMS = iphoneos iphonesimulator;
				SUPPORTS_MACCATALYST = NO;
				TARGETED_DEVICE_FAMILY = 1;
			};
			name = Debug;
		};
		A000070004 /* Release */ = {
			isa = XCBuildConfiguration;
			buildSettings = {
				ASSETCATALOG_COMPILER_APPICON_NAME = AppIcon;
				CLANG_ENABLE_MODULES = YES;
				CODE_SIGN_STYLE = Automatic;
				CURRENT_PROJECT_VERSION = 1;
				GENERATE_INFOPLIST_FILE = NO;
				INFOPLIST_FILE = ../Info.plist;
				IPHONEOS_DEPLOYMENT_TARGET = 17.0;
				LD_RUNPATH_SEARCH_PATHS = (
					"$(inherited)",
					"@executable_path/Frameworks",
				);
				MARKETING_VERSION = 1.0;
				PRODUCT_BUNDLE_IDENTIFIER = com.simple360camera.app;
				PRODUCT_NAME = "$(TARGET_NAME)";
				SWIFT_EMIT_LOC_STRINGS = YES;
				SWIFT_VERSION = 5.0;
				SUPPORTED_PLATFORMS = iphoneos iphonesimulator;
				SUPPORTS_MACCATALYST = NO;
				TARGETED_DEVICE_FAMILY = 1;
			};
			name = Release;
		};
/* End XCBuildConfiguration section */

/* Begin XCConfigurationList section */
		A000060001 /* Build configuration list for PBXProject "Simple360Camera" */ = {
			isa = XCConfigurationList;
			buildConfigurations = (
				A000070001 /* Debug */,
				A000070002 /* Release */,
			);
			defaultConfigurationIsVisible = 0;
			defaultConfigurationName = Release;
		};
		A000060002 /* Build configuration list for PBXNativeTarget "Simple360Camera" */ = {
			isa = XCConfigurationList;
			buildConfigurations = (
				A000070003 /* Debug */,
				A000070004 /* Release */,
			);
			defaultConfigurationIsVisible = 0;
			defaultConfigurationName = Release;
		};
/* End XCConfigurationList section */
	};
	rootObject = A000050002 /* Project object */;
}